
Microsoft Visual Studio Solution File, Format Version 12.00
# Visual Studio Version 17
VisualStudioVersion = 17.14.36414.22
MinimumVisualStudioVersion = 10.0.40219.1
Project("{FAE04EC0-301F-11D3-BF4B-00C04F79EFBC}") = "Student Records", "Student Records\Student Records.csproj", "{DAE6B5A5-9418-4114-A58B-AC8451FC516D}"
EndProject
Project("{FAE04EC0-301F-11D3-BF4B-00C04F79EFBC}") = "StudentConsumer", "StudentConsumer\StudentConsumer.csproj", "{56F54539-A836-4176-9859-0BDD0EF8C5CE}"
EndProject
Global
	GlobalSection(SolutionConfigurationPlatforms) = preSolution
		Debug|Any CPU = Debug|Any CPU
		Release|Any CPU = Release|Any CPU
	EndGlobalSection
	GlobalSection(ProjectConfigurationPlatforms) = postSolution
		{DAE6B5A5-9418-4114-A58B-AC8451FC516D}.Debug|Any CPU.ActiveCfg = Debug|Any CPU
		{DAE6B5A5-9418-4114-A58B-AC8451FC516D}.Debug|Any CPU.Build.0 = Debug|Any CPU
		{DAE6B5A5-9418-4114-A58B-AC8451FC516D}.Release|Any CPU.ActiveCfg = Release|Any CPU
		{DAE6B5A5-9418-4114-A58B-AC8451FC516D}.Release|Any CPU.Build.0 = Release|Any CPU
		{56F54539-A836-4176-9859-0BDD0EF8C5CE}.Debug|Any CPU.ActiveCfg = Debug|Any CPU
		{56F54539-A836-4176-9859-0BDD0EF8C5CE}.Debug|Any CPU.Build.0 = Debug|Any CPU
		{56F54539-A836-4176-9859-0BDD0EF8C5CE}.Release|Any CPU.ActiveCfg = Release|Any CPU
		{56F54539-A836-4176-9859-0BDD0EF8C5CE}.Release|Any CPU.Build.0 = Release|Any CPU
	EndGlobalSection
	GlobalSection(SolutionProperties) = preSolution
		HideSolutionNode = FALSE
	EndGlobalSection
	GlobalSection(ExtensibilityGlobals) = postSolution
		SolutionGuid = {3104515D-9E9C-49DD-8353-56BE3AC24F82}
	EndGlobalSection
EndGlobal
